
Microsoft Visual Studio Solution File, Format Version 12.00
# Visual Studio Version 17
VisualStudioVersion = 17.0.32014.148
MinimumVisualStudioVersion = 10.0.40219.1
Project("{9A19103F-16F7-4668-BE54-9A1E7A4F7556}") = "Okta.Aws.Cli", "src\main\Okta.Aws.Cli\Okta.Aws.Cli.csproj", "{E6E5502A-0C68-46D6-8994-EAF9B86478E8}"
EndProject
Project("{9A19103F-16F7-4668-BE54-9A1E7A4F7556}") = "Installer", "src\main\Installer\Installer.csproj", "{6BED2765-4B39-4F90-845C-9A7A7CF214D9}"
EndProject
Project("{FAE04EC0-301F-11D3-BF4B-00C04F79EFBC}") = "Okta.Aws.Cli.UnitTests", "src\tests\Okta.Aws.Cli.UnitTests\Okta.Aws.Cli.UnitTests.csproj", "{F8F8008C-D1E2-4BA8-8572-9CB362C9EDB0}"
EndProject
Project("{FAE04EC0-301F-11D3-BF4B-00C04F79EFBC}") = "Abstractions", "src\Abstractions\Abstractions.csproj", "{13EFD23F-6617-47B4-8D06-5DFDEEAA6866}"
EndProject
Global
	GlobalSection(SolutionConfigurationPlatforms) = preSolution
		Debug|Any CPU = Debug|Any CPU
		Release|Any CPU = Release|Any CPU
	EndGlobalSection
	GlobalSection(ProjectConfigurationPlatforms) = postSolution
		{E6E5502A-0C68-46D6-8994-EAF9B86478E8}.Debug|Any CPU.ActiveCfg = Debug|Any CPU
		{E6E5502A-0C68-46D6-8994-EAF9B86478E8}.Debug|Any CPU.Build.0 = Debug|Any CPU
		{E6E5502A-0C68-46D6-8994-EAF9B86478E8}.Release|Any CPU.ActiveCfg = Release|Any CPU
		{E6E5502A-0C68-46D6-8994-EAF9B86478E8}.Release|Any CPU.Build.0 = Release|Any CPU
		{6BED2765-4B39-4F90-845C-9A7A7CF214D9}.Debug|Any CPU.ActiveCfg = Debug|Any CPU
		{6BED2765-4B39-4F90-845C-9A7A7CF214D9}.Debug|Any CPU.Build.0 = Debug|Any CPU
		{6BED2765-4B39-4F90-845C-9A7A7CF214D9}.Release|Any CPU.ActiveCfg = Release|Any CPU
		{6BED2765-4B39-4F90-845C-9A7A7CF214D9}.Release|Any CPU.Build.0 = Release|Any CPU
		{F8F8008C-D1E2-4BA8-8572-9CB362C9EDB0}.Debug|Any CPU.ActiveCfg = Debug|Any CPU
		{F8F8008C-D1E2-4BA8-8572-9CB362C9EDB0}.Debug|Any CPU.Build.0 = Debug|Any CPU
		{F8F8008C-D1E2-4BA8-8572-9CB362C9EDB0}.Release|Any CPU.ActiveCfg = Release|Any CPU
		{F8F8008C-D1E2-4BA8-8572-9CB362C9EDB0}.Release|Any CPU.Build.0 = Release|Any CPU
		{13EFD23F-6617-47B4-8D06-5DFDEEAA6866}.Debug|Any CPU.ActiveCfg = Debug|Any CPU
		{13EFD23F-6617-47B4-8D06-5DFDEEAA6866}.Debug|Any CPU.Build.0 = Debug|Any CPU
		{13EFD23F-6617-47B4-8D06-5DFDEEAA6866}.Release|Any CPU.ActiveCfg = Release|Any CPU
		{13EFD23F-6617-47B4-8D06-5DFDEEAA6866}.Release|Any CPU.Build.0 = Release|Any CPU
	EndGlobalSection
	GlobalSection(SolutionProperties) = preSolution
		HideSolutionNode = FALSE
	EndGlobalSection
	GlobalSection(ExtensibilityGlobals) = postSolution
		SolutionGuid = {5B5DF79A-26B4-49DC-851A-EB6CB682DACE}
	EndGlobalSection
EndGlobal
